
Microsoft Visual Studio Solution File, Format Version 12.00
# Visual Studio Version 16
VisualStudioVersion = 16.0.29215.179
MinimumVisualStudioVersion = 10.0.40219.1
Project("{FAE04EC0-301F-11D3-BF4B-00C04F79EFBC}") = "API erstellen", "API erstellen.csproj", "{945D8CF2-5A6C-4D4C-B294-D1BE3357B660}"
EndProject
Global
	GlobalSection(SolutionConfigurationPlatforms) = preSolution
		Debug|Any CPU = Debug|Any CPU
		Release|Any CPU = Release|Any CPU
	EndGlobalSection
	GlobalSection(ProjectConfigurationPlatforms) = postSolution
		{945D8CF2-5A6C-4D4C-B294-D1BE3357B660}.Debug|Any CPU.ActiveCfg = Debug|Any CPU
		{945D8CF2-5A6C-4D4C-B294-D1BE3357B660}.Debug|Any CPU.Build.0 = Debug|Any CPU
		{945D8CF2-5A6C-4D4C-B294-D1BE3357B660}.Release|Any CPU.ActiveCfg = Release|Any CPU
		{945D8CF2-5A6C-4D4C-B294-D1BE3357B660}.Release|Any CPU.Build.0 = Release|Any CPU
	EndGlobalSection
	GlobalSection(SolutionProperties) = preSolution
		HideSolutionNode = FALSE
	EndGlobalSection
	GlobalSection(ExtensibilityGlobals) = postSolution
		SolutionGuid = {77E85351-8515-4371-AEE2-36B2565DE73C}
	EndGlobalSection
EndGlobal
