
Microsoft Visual Studio Solution File, Format Version 12.00
# Visual Studio Version 16
VisualStudioVersion = 16.0.29215.179
MinimumVisualStudioVersion = 10.0.40219.1
Project("{FAE04EC0-301F-11D3-BF4B-00C04F79EFBC}") = "Medienauswahl SQL", "Medienauswahl SQL.csproj", "{1CF77F49-5CA4-4231-88F9-758A08646163}"
EndProject
Global
	GlobalSection(SolutionConfigurationPlatforms) = preSolution
		Debug|Any CPU = Debug|Any CPU
		Release|Any CPU = Release|Any CPU
	EndGlobalSection
	GlobalSection(ProjectConfigurationPlatforms) = postSolution
		{1CF77F49-5CA4-4231-88F9-758A08646163}.Debug|Any CPU.ActiveCfg = Debug|Any CPU
		{1CF77F49-5CA4-4231-88F9-758A08646163}.Debug|Any CPU.Build.0 = Debug|Any CPU
		{1CF77F49-5CA4-4231-88F9-758A08646163}.Release|Any CPU.ActiveCfg = Release|Any CPU
		{1CF77F49-5CA4-4231-88F9-758A08646163}.Release|Any CPU.Build.0 = Release|Any CPU
	EndGlobalSection
	GlobalSection(SolutionProperties) = preSolution
		HideSolutionNode = FALSE
	EndGlobalSection
	GlobalSection(ExtensibilityGlobals) = postSolution
		SolutionGuid = {78345CCC-7BD1-4924-85D8-E436B03B207E}
	EndGlobalSection
EndGlobal
